{
  "pins" : [
    {
      "identity" : "swift-fsrs",
      "kind" : "remoteSourceControl",
      "location" : "https://github.com/open-spaced-repetition/swift-fsrs.git",
      "state" : {
        "revision" : "129e4dc4e99625ee2dd2ee627fab866f2993e3d7",
        "version" : "5.0.0"
      }
    }
  ],
  "version" : 2
}
